
Microsoft Visual Studio Solution File, Format Version 12.00
# Visual Studio Version 16
VisualStudioVersion = 16.0.32126.315
MinimumVisualStudioVersion = 10.0.40219.1
Project("{9A19103F-16F7-4668-BE54-9A1E7A4F7556}") = "Jokes_App", "Jokes_App.csproj", "{36055E13-5487-4AD2-A333-E4A8BE2C26BA}"
EndProject
Global
	GlobalSection(SolutionConfigurationPlatforms) = preSolution
		Debug|Any CPU = Debug|Any CPU
		Release|Any CPU = Release|Any CPU
	EndGlobalSection
	GlobalSection(ProjectConfigurationPlatforms) = postSolution
		{36055E13-5487-4AD2-A333-E4A8BE2C26BA}.Debug|Any CPU.ActiveCfg = Debug|Any CPU
		{36055E13-5487-4AD2-A333-E4A8BE2C26BA}.Debug|Any CPU.Build.0 = Debug|Any CPU
		{36055E13-5487-4AD2-A333-E4A8BE2C26BA}.Release|Any CPU.ActiveCfg = Release|Any CPU
		{36055E13-5487-4AD2-A333-E4A8BE2C26BA}.Release|Any CPU.Build.0 = Release|Any CPU
	EndGlobalSection
	GlobalSection(SolutionProperties) = preSolution
		HideSolutionNode = FALSE
	EndGlobalSection
	GlobalSection(ExtensibilityGlobals) = postSolution
		SolutionGuid = {0742C01F-02C3-4C81-8C28-67229CEB79FB}
	EndGlobalSection
EndGlobal
